// !$*UTF8*$!
{
	archiveVersion = 1;
	classes = {
	};
	objectVersion = 55;
	objects = {

/* Begin PBXBuildFile section */
		09157C9128F1DA4000D3D475 /* SearchTableViewCell.swift in Sources */ = {isa = PBXBuildFile; fileRef = 09157C9028F1DA4000D3D475 /* SearchTableViewCell.swift */; };
		09157C9428F1DD2C00D3D475 /* ApiService.swift in Sources */ = {isa = PBXBuildFile; fileRef = 09157C9328F1DD2C00D3D475 /* ApiService.swift */; };
		09157C9728F1DEF900D3D475 /* SearchResults.swift in Sources */ = {isa = PBXBuildFile; fileRef = 09157C9628F1DEF900D3D475 /* SearchResults.swift */; };
		09CC2D9829043030007E0723 /* SearchPlaceholderView.swift in Sources */ = {isa = PBXBuildFile; fileRef = 09CC2D9729043030007E0723 /* SearchPlaceholderView.swift */; };
		09CC2D9B29059F5F007E0723 /* UIAnimatable.swift in Sources */ = {isa = PBXBuildFile; fileRef = 09CC2D9A29059F5F007E0723 /* UIAnimatable.swift */; };
		09CFD38E28F19F9200ECE80C /* AppDelegate.swift in Sources */ = {isa = PBXBuildFile; fileRef = 09CFD38D28F19F9200ECE80C /* AppDelegate.swift */; };
		09CFD39028F19F9200ECE80C /* SceneDelegate.swift in Sources */ = {isa = PBXBuildFile; fileRef = 09CFD38F28F19F9200ECE80C /* SceneDelegate.swift */; };
		09CFD39228F19F9200ECE80C /* SearchTableViewController.swift in Sources */ = {isa = PBXBuildFile; fileRef = 09CFD39128F19F9200ECE80C /* SearchTableViewController.swift */; };
		09CFD39528F19F9200ECE80C /* Main.storyboard in Resources */ = {isa = PBXBuildFile; fileRef = 09CFD39328F19F9200ECE80C /* Main.storyboard */; };
		09CFD39728F19F9600ECE80C /* Assets.xcassets in Resources */ = {isa = PBXBuildFile; fileRef = 09CFD39628F19F9600ECE80C /* Assets.xcassets */; };
		09CFD39A28F19F9600ECE80C /* LaunchScreen.storyboard in Resources */ = {isa = PBXBuildFile; fileRef = 09CFD39828F19F9600ECE80C /* LaunchScreen.storyboard */; };
		7C3A275319DDCAE9C85DD6CD /* Pods_ios_dca_calculator.framework in Frameworks */ = {isa = PBXBuildFile; fileRef = 75A3296B8EED4969E2D5E6FE /* Pods_ios_dca_calculator.framework */; };
/* End PBXBuildFile section */

/* Begin PBXFileReference section */
		09157C9028F1DA4000D3D475 /* SearchTableViewCell.swift */ = {isa = PBXFileReference; lastKnownFileType = sourcecode.swift; path = SearchTableViewCell.swift; sourceTree = "<group>"; };
		09157C9328F1DD2C00D3D475 /* ApiService.swift */ = {isa = PBXFileReference; lastKnownFileType = sourcecode.swift; path = ApiService.swift; sourceTree = "<group>"; };
		09157C9628F1DEF900D3D475 /* SearchResults.swift */ = {isa = PBXFileReference; lastKnownFileType = sourcecode.swift; path = SearchResults.swift; sourceTree = "<group>"; };
		09CC2D9729043030007E0723 /* SearchPlaceholderView.swift */ = {isa = PBXFileReference; lastKnownFileType = sourcecode.swift; path = SearchPlaceholderView.swift; sourceTree = "<group>"; };
		09CC2D9A29059F5F007E0723 /* UIAnimatable.swift */ = {isa = PBXFileReference; lastKnownFileType = sourcecode.swift; path = UIAnimatable.swift; sourceTree = "<group>"; };
		09CFD38A28F19F9200ECE80C /* ios-dca-calculator.app */ = {isa = PBXFileReference; explicitFileType = wrapper.application; includeInIndex = 0; path = "ios-dca-calculator.app"; sourceTree = BUILT_PRODUCTS_DIR; };
		09CFD38D28F19F9200ECE80C /* AppDelegate.swift */ = {isa = PBXFileReference; lastKnownFileType = sourcecode.swift; path = AppDelegate.swift; sourceTree = "<group>"; };
		09CFD38F28F19F9200ECE80C /* SceneDelegate.swift */ = {isa = PBXFileReference; lastKnownFileType = sourcecode.swift; path = SceneDelegate.swift; sourceTree = "<group>"; };
		09CFD39128F19F9200ECE80C /* SearchTableViewController.swift */ = {isa = PBXFileReference; lastKnownFileType = sourcecode.swift; path = SearchTableViewController.swift; sourceTree = "<group>"; };
		09CFD39428F19F9200ECE80C /* Base */ = {isa = PBXFileReference; lastKnownFileType = file.storyboard; name = Base; path = Base.lproj/Main.storyboard; sourceTree = "<group>"; };
		09CFD39628F19F9600ECE80C /* Assets.xcassets */ = {isa = PBXFileReference; lastKnownFileType = folder.assetcatalog; path = Assets.xcassets; sourceTree = "<group>"; };
		09CFD39928F19F9600ECE80C /* Base */ = {isa = PBXFileReference; lastKnownFileType = file.storyboard; name = Base; path = Base.lproj/LaunchScreen.storyboard; sourceTree = "<group>"; };
		09CFD39B28F19F9600ECE80C /* Info.plist */ = {isa = PBXFileReference; lastKnownFileType = text.plist.xml; path = Info.plist; sourceTree = "<group>"; };
		60CDFEDEF45DACDFB14FCB19 /* Pods-ios-dca-calculator.release.xcconfig */ = {isa = PBXFileReference; includeInIndex = 1; lastKnownFileType = text.xcconfig; name = "Pods-ios-dca-calculator.release.xcconfig"; path = "Target Support Files/Pods-ios-dca-calculator/Pods-ios-dca-calculator.release.xcconfig"; sourceTree = "<group>"; };
		75A3296B8EED4969E2D5E6FE /* Pods_ios_dca_calculator.framework */ = {isa = PBXFileReference; explicitFileType = wrapper.framework; includeInIndex = 0; path = Pods_ios_dca_calculator.framework; sourceTree = BUILT_PRODUCTS_DIR; };
		CEB05ABC82CDB64EB8DC70D3 /* Pods-ios-dca-calculator.debug.xcconfig */ = {isa = PBXFileReference; includeInIndex = 1; lastKnownFileType = text.xcconfig; name = "Pods-ios-dca-calculator.debug.xcconfig"; path = "Target Support Files/Pods-ios-dca-calculator/Pods-ios-dca-calculator.debug.xcconfig"; sourceTree = "<group>"; };
/* End PBXFileReference section */

/* Begin PBXFrameworksBuildPhase section */
		09CFD38728F19F9200ECE80C /* Frameworks */ = {
			isa = PBXFrameworksBuildPhase;
			buildActionMask = 2147483647;
			files = (
				7C3A275319DDCAE9C85DD6CD /* Pods_ios_dca_calculator.framework in Frameworks */,
			);
			runOnlyForDeploymentPostprocessing = 0;
		};
/* End PBXFrameworksBuildPhase section */

/* Begin PBXGroup section */
		09157C8E28F1D9FD00D3D475 /* view */ = {
			isa = PBXGroup;
			children = (
				09157C9028F1DA4000D3D475 /* SearchTableViewCell.swift */,
				09CC2D9729043030007E0723 /* SearchPlaceholderView.swift */,
			);
			path = view;
			sourceTree = "<group>";
		};
		09157C8F28F1DA1100D3D475 /* controller */ = {
			isa = PBXGroup;
			children = (
				09CFD39128F19F9200ECE80C /* SearchTableViewController.swift */,
			);
			path = controller;
			sourceTree = "<group>";
		};
		09157C9228F1DD0200D3D475 /* service */ = {
			isa = PBXGroup;
			children = (
				09157C9328F1DD2C00D3D475 /* ApiService.swift */,
			);
			path = service;
			sourceTree = "<group>";
		};
		09157C9528F1DEE500D3D475 /* model */ = {
			isa = PBXGroup;
			children = (
				09157C9628F1DEF900D3D475 /* SearchResults.swift */,
			);
			path = model;
			sourceTree = "<group>";
		};
		09CC2D9929059E9B007E0723 /* protocol */ = {
			isa = PBXGroup;
			children = (
				09CC2D9A29059F5F007E0723 /* UIAnimatable.swift */,
			);
			path = protocol;
			sourceTree = "<group>";
		};
		09CFD38128F19F9200ECE80C = {
			isa = PBXGroup;
			children = (
				09CFD38C28F19F9200ECE80C /* ios-dca-calculator */,
				09CFD38B28F19F9200ECE80C /* Products */,
				3EDDF587D5C1144F3C0EC7C5 /* Pods */,
				C8B41FDF3C50FB7A433D9775 /* Frameworks */,
			);
			sourceTree = "<group>";
		};
		09CFD38B28F19F9200ECE80C /* Products */ = {
			isa = PBXGroup;
			children = (
				09CFD38A28F19F9200ECE80C /* ios-dca-calculator.app */,
			);
			name = Products;
			sourceTree = "<group>";
		};
		09CFD38C28F19F9200ECE80C /* ios-dca-calculator */ = {
			isa = PBXGroup;
			children = (
				09157C8F28F1DA1100D3D475 /* controller */,
				09157C9528F1DEE500D3D475 /* model */,
				09CC2D9929059E9B007E0723 /* protocol */,
				09157C9228F1DD0200D3D475 /* service */,
				09157C8E28F1D9FD00D3D475 /* view */,
				09CFD39B28F19F9600ECE80C /* Info.plist */,
				09CFD38D28F19F9200ECE80C /* AppDelegate.swift */,
				09CFD38F28F19F9200ECE80C /* SceneDelegate.swift */,
				09CFD39628F19F9600ECE80C /* Assets.xcassets */,
				09CFD39828F19F9600ECE80C /* LaunchScreen.storyboard */,
				09CFD39328F19F9200ECE80C /* Main.storyboard */,
			);
			path = "ios-dca-calculator";
			sourceTree = "<group>";
		};
		3EDDF587D5C1144F3C0EC7C5 /* Pods */ = {
			isa = PBXGroup;
			children = (
				CEB05ABC82CDB64EB8DC70D3 /* Pods-ios-dca-calculator.debug.xcconfig */,
				60CDFEDEF45DACDFB14FCB19 /* Pods-ios-dca-calculator.release.xcconfig */,
			);
			path = Pods;
			sourceTree = "<group>";
		};
		C8B41FDF3C50FB7A433D9775 /* Frameworks */ = {
			isa = PBXGroup;
			children = (
				75A3296B8EED4969E2D5E6FE /* Pods_ios_dca_calculator.framework */,
			);
			name = Frameworks;
			sourceTree = "<group>";
		};
/* End PBXGroup section */

/* Begin PBXNativeTarget section */
		09CFD38928F19F9200ECE80C /* ios-dca-calculator */ = {
			isa = PBXNativeTarget;
			buildConfigurationList = 09CFD39E28F19F9600ECE80C /* Build configuration list for PBXNativeTarget "ios-dca-calculator" */;
			buildPhases = (
				5D02474B8120B54A37634E51 /* [CP] Check Pods Manifest.lock */,
				09CFD38628F19F9200ECE80C /* Sources */,
				09CFD38728F19F9200ECE80C /* Frameworks */,
				09CFD38828F19F9200ECE80C /* Resources */,
				33BF8B9C96A98B13382521C9 /* [CP] Embed Pods Frameworks */,
			);
			buildRules = (
			);
			dependencies = (
			);
			name = "ios-dca-calculator";
			productName = "ios-dca-calculator";
			productReference = 09CFD38A28F19F9200ECE80C /* ios-dca-calculator.app */;
			productType = "com.apple.product-type.application";
		};
/* End PBXNativeTarget section */

/* Begin PBXProject section */
		09CFD38228F19F9200ECE80C /* Project object */ = {
			isa = PBXProject;
			attributes = {
				BuildIndependentTargetsInParallel = 1;
				LastSwiftUpdateCheck = 1400;
				LastUpgradeCheck = 1400;
				TargetAttributes = {
					09CFD38928F19F9200ECE80C = {
						CreatedOnToolsVersion = 14.0.1;
					};
				};
			};
			buildConfigurationList = 09CFD38528F19F9200ECE80C /* Build configuration list for PBXProject "ios-dca-calculator" */;
			compatibilityVersion = "Xcode 13.0";
			developmentRegion = en;
			hasScannedForEncodings = 0;
			knownRegions = (
				en,
				Base,
			);
			mainGroup = 09CFD38128F19F9200ECE80C;
			productRefGroup = 09CFD38B28F19F9200ECE80C /* Products */;
			projectDirPath = "";
			projectRoot = "";
			targets = (
				09CFD38928F19F9200ECE80C /* ios-dca-calculator */,
			);
		};
/* End PBXProject section */

/* Begin PBXResourcesBuildPhase section */
		09CFD38828F19F9200ECE80C /* Resources */ = {
			isa = PBXResourcesBuildPhase;
			buildActionMask = 2147483647;
			files = (
				09CFD39A28F19F9600ECE80C /* LaunchScreen.storyboard in Resources */,
				09CFD39728F19F9600ECE80C /* Assets.xcassets in Resources */,
				09CFD39528F19F9200ECE80C /* Main.storyboard in Resources */,
			);
			runOnlyForDeploymentPostprocessing = 0;
		};
/* End PBXResourcesBuildPhase section */

/* Begin PBXShellScriptBuildPhase section */
		33BF8B9C96A98B13382521C9 /* [CP] Embed Pods Frameworks */ = {
			isa = PBXShellScriptBuildPhase;
			buildActionMask = 2147483647;
			files = (
			);
			inputFileListPaths = (
				"${PODS_ROOT}/Target Support Files/Pods-ios-dca-calculator/Pods-ios-dca-calculator-frameworks-${CONFIGURATION}-input-files.xcfilelist",
			);
			name = "[CP] Embed Pods Frameworks";
			outputFileListPaths = (
				"${PODS_ROOT}/Target Support Files/Pods-ios-dca-calculator/Pods-ios-dca-calculator-frameworks-${CONFIGURATION}-output-files.xcfilelist",
			);
			runOnlyForDeploymentPostprocessing = 0;
			shellPath = /bin/sh;
			shellScript = "\"${PODS_ROOT}/Target Support Files/Pods-ios-dca-calculator/Pods-ios-dca-calculator-frameworks.sh\"\n";
			showEnvVarsInLog = 0;
		};
		5D02474B8120B54A37634E51 /* [CP] Check Pods Manifest.lock */ = {
			isa = PBXShellScriptBuildPhase;
			buildActionMask = 2147483647;
			files = (
			);
			inputFileListPaths = (
			);
			inputPaths = (
				"${PODS_PODFILE_DIR_PATH}/Podfile.lock",
				"${PODS_ROOT}/Manifest.lock",
			);
			name = "[CP] Check Pods Manifest.lock";
			outputFileListPaths = (
			);
			outputPaths = (
				"$(DERIVED_FILE_DIR)/Pods-ios-dca-calculator-checkManifestLockResult.txt",
			);
			runOnlyForDeploymentPostprocessing = 0;
			shellPath = /bin/sh;
			shellScript = "diff \"${PODS_PODFILE_DIR_PATH}/Podfile.lock\" \"${PODS_ROOT}/Manifest.lock\" > /dev/null\nif [ $? != 0 ] ; then\n    # print error to STDERR\n    echo \"error: The sandbox is not in sync with the Podfile.lock. Run 'pod install' or update your CocoaPods installation.\" >&2\n    exit 1\nfi\n# This output is used by Xcode 'outputs' to avoid re-running this script phase.\necho \"SUCCESS\" > \"${SCRIPT_OUTPUT_FILE_0}\"\n";
			showEnvVarsInLog = 0;
		};
/* End PBXShellScriptBuildPhase section */

/* Begin PBXSourcesBuildPhase section */
		09CFD38628F19F9200ECE80C /* Sources */ = {
			isa = PBXSourcesBuildPhase;
			buildActionMask = 2147483647;
			files = (
				09CFD39228F19F9200ECE80C /* SearchTableViewController.swift in Sources */,
				09CC2D9B29059F5F007E0723 /* UIAnimatable.swift in Sources */,
				09157C9428F1DD2C00D3D475 /* ApiService.swift in Sources */,
				09157C9128F1DA4000D3D475 /* SearchTableViewCell.swift in Sources */,
				09CFD38E28F19F9200ECE80C /* AppDelegate.swift in Sources */,
				09157C9728F1DEF900D3D475 /* SearchResults.swift in Sources */,
				09CFD39028F19F9200ECE80C /* SceneDelegate.swift in Sources */,
				09CC2D9829043030007E0723 /* SearchPlaceholderView.swift in Sources */,
			);
			runOnlyForDeploymentPostprocessing = 0;
		};
/* End PBXSourcesBuildPhase section */

/* Begin PBXVariantGroup section */
		09CFD39328F19F9200ECE80C /* Main.storyboard */ = {
			isa = PBXVariantGroup;
			children = (
				09CFD39428F19F9200ECE80C /* Base */,
			);
			name = Main.storyboard;
			sourceTree = "<group>";
		};
		09CFD39828F19F9600ECE80C /* LaunchScreen.storyboard */ = {
			isa = PBXVariantGroup;
			children = (
				09CFD39928F19F9600ECE80C /* Base */,
			);
			name = LaunchScreen.storyboard;
			sourceTree = "<group>";
		};
/* End PBXVariantGroup section */

/* Begin XCBuildConfiguration section */
		09CFD39C28F19F9600ECE80C /* Debug */ = {
			isa = XCBuildConfiguration;
			buildSettings = {
				ALWAYS_SEARCH_USER_PATHS = NO;
				CLANG_ANALYZER_NONNULL = YES;
				CLANG_ANALYZER_NUMBER_OBJECT_CONVERSION = YES_AGGRESSIVE;
				CLANG_CXX_LANGUAGE_STANDARD = "gnu++20";
				CLANG_ENABLE_MODULES = YES;
				CLANG_ENABLE_OBJC_ARC = YES;
				CLANG_ENABLE_OBJC_WEAK = YES;
				CLANG_WARN_BLOCK_CAPTURE_AUTORELEASING = YES;
				CLANG_WARN_BOOL_CONVERSION = YES;
				CLANG_WARN_COMMA = YES;
				CLANG_WARN_CONSTANT_CONVERSION = YES;
				CLANG_WARN_DEPRECATED_OBJC_IMPLEMENTATIONS = YES;
				CLANG_WARN_DIRECT_OBJC_ISA_USAGE = YES_ERROR;
				CLANG_WARN_DOCUMENTATION_COMMENTS = YES;
				CLANG_WARN_EMPTY_BODY = YES;
				CLANG_WARN_ENUM_CONVERSION = YES;
				CLANG_WARN_INFINITE_RECURSION = YES;
				CLANG_WARN_INT_CONVERSION = YES;
				CLANG_WARN_NON_LITERAL_NULL_CONVERSION = YES;
				CLANG_WARN_OBJC_IMPLICIT_RETAIN_SELF = YES;
				CLANG_WARN_OBJC_LITERAL_CONVERSION = YES;
				CLANG_WARN_OBJC_ROOT_CLASS = YES_ERROR;
				CLANG_WARN_QUOTED_INCLUDE_IN_FRAMEWORK_HEADER = YES;
				CLANG_WARN_RANGE_LOOP_ANALYSIS = YES;
				CLANG_WARN_STRICT_PROTOTYPES = YES;
				CLANG_WARN_SUSPICIOUS_MOVE = YES;
				CLANG_WARN_UNGUARDED_AVAILABILITY = YES_AGGRESSIVE;
				CLANG_WARN_UNREACHABLE_CODE = YES;
				CLANG_WARN__DUPLICATE_METHOD_MATCH = YES;
				COPY_PHASE_STRIP = NO;
				DEBUG_INFORMATION_FORMAT = dwarf;
				ENABLE_STRICT_OBJC_MSGSEND = YES;
				ENABLE_TESTABILITY = YES;
				GCC_C_LANGUAGE_STANDARD = gnu11;
				GCC_DYNAMIC_NO_PIC = NO;
				GCC_NO_COMMON_BLOCKS = YES;
				GCC_OPTIMIZATION_LEVEL = 0;
				GCC_PREPROCESSOR_DEFINITIONS = (
					"DEBUG=1",
					"$(inherited)",
				);
				GCC_WARN_64_TO_32_BIT_CONVERSION = YES;
				GCC_WARN_ABOUT_RETURN_TYPE = YES_ERROR;
				GCC_WARN_UNDECLARED_SELECTOR = YES;
				GCC_WARN_UNINITIALIZED_AUTOS = YES_AGGRESSIVE;
				GCC_WARN_UNUSED_FUNCTION = YES;
				GCC_WARN_UNUSED_VARIABLE = YES;
				IPHONEOS_DEPLOYMENT_TARGET = 16.0;
				MTL_ENABLE_DEBUG_INFO = INCLUDE_SOURCE;
				MTL_FAST_MATH = YES;
				ONLY_ACTIVE_ARCH = YES;
				SDKROOT = iphoneos;
				SWIFT_ACTIVE_COMPILATION_CONDITIONS = DEBUG;
				SWIFT_OPTIMIZATION_LEVEL = "-Onone";
			};
			name = Debug;
		};
		09CFD39D28F19F9600ECE80C /* Release */ = {
			isa = XCBuildConfiguration;
			buildSettings = {
				ALWAYS_SEARCH_USER_PATHS = NO;
				CLANG_ANALYZER_NONNULL = YES;
				CLANG_ANALYZER_NUMBER_OBJECT_CONVERSION = YES_AGGRESSIVE;
				CLANG_CXX_LANGUAGE_STANDARD = "gnu++20";
				CLANG_ENABLE_MODULES = YES;
				CLANG_ENABLE_OBJC_ARC = YES;
				CLANG_ENABLE_OBJC_WEAK = YES;
				CLANG_WARN_BLOCK_CAPTURE_AUTORELEASING = YES;
				CLANG_WARN_BOOL_CONVERSION = YES;
				CLANG_WARN_COMMA = YES;
				CLANG_WARN_CONSTANT_CONVERSION = YES;
				CLANG_WARN_DEPRECATED_OBJC_IMPLEMENTATIONS = YES;
				CLANG_WARN_DIRECT_OBJC_ISA_USAGE = YES_ERROR;
				CLANG_WARN_DOCUMENTATION_COMMENTS = YES;
				CLANG_WARN_EMPTY_BODY = YES;
				CLANG_WARN_ENUM_CONVERSION = YES;
				CLANG_WARN_INFINITE_RECURSION = YES;
				CLANG_WARN_INT_CONVERSION = YES;
				CLANG_WARN_NON_LITERAL_NULL_CONVERSION = YES;
				CLANG_WARN_OBJC_IMPLICIT_RETAIN_SELF = YES;
				CLANG_WARN_OBJC_LITERAL_CONVERSION = YES;
				CLANG_WARN_OBJC_ROOT_CLASS = YES_ERROR;
				CLANG_WARN_QUOTED_INCLUDE_IN_FRAMEWORK_HEADER = YES;
				CLANG_WARN_RANGE_LOOP_ANALYSIS = YES;
				CLANG_WARN_STRICT_PROTOTYPES = YES;
				CLANG_WARN_SUSPICIOUS_MOVE = YES;
				CLANG_WARN_UNGUARDED_AVAILABILITY = YES_AGGRESSIVE;
				CLANG_WARN_UNREACHABLE_CODE = YES;
				CLANG_WARN__DUPLICATE_METHOD_MATCH = YES;
				COPY_PHASE_STRIP = NO;
				DEBUG_INFORMATION_FORMAT = "dwarf-with-dsym";
				ENABLE_NS_ASSERTIONS = NO;
				ENABLE_STRICT_OBJC_MSGSEND = YES;
				GCC_C_LANGUAGE_STANDARD = gnu11;
				GCC_NO_COMMON_BLOCKS = YES;
				GCC_WARN_64_TO_32_BIT_CONVERSION = YES;
				GCC_WARN_ABOUT_RETURN_TYPE = YES_ERROR;
				GCC_WARN_UNDECLARED_SELECTOR = YES;
				GCC_WARN_UNINITIALIZED_AUTOS = YES_AGGRESSIVE;
				GCC_WARN_UNUSED_FUNCTION = YES;
				GCC_WARN_UNUSED_VARIABLE = YES;
				IPHONEOS_DEPLOYMENT_TARGET = 16.0;
				MTL_ENABLE_DEBUG_INFO = NO;
				MTL_FAST_MATH = YES;
				SDKROOT = iphoneos;
				SWIFT_COMPILATION_MODE = wholemodule;
				SWIFT_OPTIMIZATION_LEVEL = "-O";
				VALIDATE_PRODUCT = YES;
			};
			name = Release;
		};
		09CFD39F28F19F9600ECE80C /* Debug */ = {
			isa = XCBuildConfiguration;
			baseConfigurationReference = CEB05ABC82CDB64EB8DC70D3 /* Pods-ios-dca-calculator.debug.xcconfig */;
			buildSettings = {
				ASSETCATALOG_COMPILER_APPICON_NAME = AppIcon;
				ASSETCATALOG_COMPILER_GLOBAL_ACCENT_COLOR_NAME = AccentColor;
				CODE_SIGN_STYLE = Automatic;
				CURRENT_PROJECT_VERSION = 1;
				DEVELOPMENT_TEAM = B453YZ4Z55;
				GENERATE_INFOPLIST_FILE = YES;
				INFOPLIST_FILE = "ios-dca-calculator/Info.plist";
				INFOPLIST_KEY_LSApplicationCategoryType = "public.app-category.finance";
				INFOPLIST_KEY_UIApplicationSupportsIndirectInputEvents = YES;
				INFOPLIST_KEY_UILaunchStoryboardName = LaunchScreen;
				INFOPLIST_KEY_UIMainStoryboardFile = Main;
				INFOPLIST_KEY_UISupportedInterfaceOrientations_iPad = "UIInterfaceOrientationPortrait UIInterfaceOrientationPortraitUpsideDown UIInterfaceOrientationLandscapeLeft UIInterfaceOrientationLandscapeRight";
				INFOPLIST_KEY_UISupportedInterfaceOrientations_iPhone = "UIInterfaceOrientationPortrait UIInterfaceOrientationLandscapeLeft UIInterfaceOrientationLandscapeRight";
				IPHONEOS_DEPLOYMENT_TARGET = 14.0;
				LD_RUNPATH_SEARCH_PATHS = (
					"$(inherited)",
					"@executable_path/Frameworks",
				);
				MARKETING_VERSION = 1.0;
				PRODUCT_BUNDLE_IDENTIFIER = "com.perunit.ios-dca-calculator";
				PRODUCT_NAME = "$(TARGET_NAME)";
				SWIFT_EMIT_LOC_STRINGS = YES;
				SWIFT_VERSION = 5.0;
				TARGETED_DEVICE_FAMILY = "1,2";
			};
			name = Debug;
		};
		09CFD3A028F19F9600ECE80C /* Release */ = {
			isa = XCBuildConfiguration;
			baseConfigurationReference = 60CDFEDEF45DACDFB14FCB19 /* Pods-ios-dca-calculator.release.xcconfig */;
			buildSettings = {
				ASSETCATALOG_COMPILER_APPICON_NAME = AppIcon;
				ASSETCATALOG_COMPILER_GLOBAL_ACCENT_COLOR_NAME = AccentColor;
				CODE_SIGN_STYLE = Automatic;
				CURRENT_PROJECT_VERSION = 1;
				DEVELOPMENT_TEAM = B453YZ4Z55;
				GENERATE_INFOPLIST_FILE = YES;
				INFOPLIST_FILE = "ios-dca-calculator/Info.plist";
				INFOPLIST_KEY_LSApplicationCategoryType = "public.app-category.finance";
				INFOPLIST_KEY_UIApplicationSupportsIndirectInputEvents = YES;
				INFOPLIST_KEY_UILaunchStoryboardName = LaunchScreen;
				INFOPLIST_KEY_UIMainStoryboardFile = Main;
				INFOPLIST_KEY_UISupportedInterfaceOrientations_iPad = "UIInterfaceOrientationPortrait UIInterfaceOrientationPortraitUpsideDown UIInterfaceOrientationLandscapeLeft UIInterfaceOrientationLandscapeRight";
				INFOPLIST_KEY_UISupportedInterfaceOrientations_iPhone = "UIInterfaceOrientationPortrait UIInterfaceOrientationLandscapeLeft UIInterfaceOrientationLandscapeRight";
				IPHONEOS_DEPLOYMENT_TARGET = 14.0;
				LD_RUNPATH_SEARCH_PATHS = (
					"$(inherited)",
					"@executable_path/Frameworks",
				);
				MARKETING_VERSION = 1.0;
				PRODUCT_BUNDLE_IDENTIFIER = "com.perunit.ios-dca-calculator";
				PRODUCT_NAME = "$(TARGET_NAME)";
				SWIFT_EMIT_LOC_STRINGS = YES;
				SWIFT_VERSION = 5.0;
				TARGETED_DEVICE_FAMILY = "1,2";
			};
			name = Release;
		};
/* End XCBuildConfiguration section */

/* Begin XCConfigurationList section */
		09CFD38528F19F9200ECE80C /* Build configuration list for PBXProject "ios-dca-calculator" */ = {
			isa = XCConfigurationList;
			buildConfigurations = (
				09CFD39C28F19F9600ECE80C /* Debug */,
				09CFD39D28F19F9600ECE80C /* Release */,
			);
			defaultConfigurationIsVisible = 0;
			defaultConfigurationName = Release;
		};
		09CFD39E28F19F9600ECE80C /* Build configuration list for PBXNativeTarget "ios-dca-calculator" */ = {
			isa = XCConfigurationList;
			buildConfigurations = (
				09CFD39F28F19F9600ECE80C /* Debug */,
				09CFD3A028F19F9600ECE80C /* Release */,
			);
			defaultConfigurationIsVisible = 0;
			defaultConfigurationName = Release;
		};
/* End XCConfigurationList section */
	};
	rootObject = 09CFD38228F19F9200ECE80C /* Project object */;
}
